
Microsoft Visual Studio Solution File, Format Version 12.00
# Visual Studio Version 16
VisualStudioVersion = 16.0.31410.357
MinimumVisualStudioVersion = 10.0.40219.1
Project("{8BC9CEB8-8B4A-11D0-8D11-00A0C91BC942}") = "mojowannabe", "mojowannabe\mojowannabe.vcxproj", "{0A44E4B0-64D3-44A8-8751-0D62EA5C76AD}"
EndProject
Project("{8BC9CEB8-8B4A-11D0-8D11-00A0C91BC942}") = "DaocLauncher", "DaocLauncher\DaocLauncher.vcxproj", "{F4C964F6-5C0C-4C74-BD2B-C8A9B858FEAE}"
EndProject
Global
	GlobalSection(SolutionConfigurationPlatforms) = preSolution
		Debug|x64 = Debug|x64
		Debug|x86 = Debug|x86
		Release|x64 = Release|x64
		Release|x86 = Release|x86
	EndGlobalSection
	GlobalSection(ProjectConfigurationPlatforms) = postSolution
		{0A44E4B0-64D3-44A8-8751-0D62EA5C76AD}.Debug|x64.ActiveCfg = Debug|x64
		{0A44E4B0-64D3-44A8-8751-0D62EA5C76AD}.Debug|x64.Build.0 = Debug|x64
		{0A44E4B0-64D3-44A8-8751-0D62EA5C76AD}.Debug|x86.ActiveCfg = Debug|Win32
		{0A44E4B0-64D3-44A8-8751-0D62EA5C76AD}.Debug|x86.Build.0 = Debug|Win32
		{0A44E4B0-64D3-44A8-8751-0D62EA5C76AD}.Release|x64.ActiveCfg = Release|x64
		{0A44E4B0-64D3-44A8-8751-0D62EA5C76AD}.Release|x64.Build.0 = Release|x64
		{0A44E4B0-64D3-44A8-8751-0D62EA5C76AD}.Release|x86.ActiveCfg = Release|Win32
		{0A44E4B0-64D3-44A8-8751-0D62EA5C76AD}.Release|x86.Build.0 = Release|Win32
		{F4C964F6-5C0C-4C74-BD2B-C8A9B858FEAE}.Debug|x64.ActiveCfg = Debug|x64
		{F4C964F6-5C0C-4C74-BD2B-C8A9B858FEAE}.Debug|x64.Build.0 = Debug|x64
		{F4C964F6-5C0C-4C74-BD2B-C8A9B858FEAE}.Debug|x86.ActiveCfg = Debug|Win32
		{F4C964F6-5C0C-4C74-BD2B-C8A9B858FEAE}.Debug|x86.Build.0 = Debug|Win32
		{F4C964F6-5C0C-4C74-BD2B-C8A9B858FEAE}.Release|x64.ActiveCfg = Release|x64
		{F4C964F6-5C0C-4C74-BD2B-C8A9B858FEAE}.Release|x64.Build.0 = Release|x64
		{F4C964F6-5C0C-4C74-BD2B-C8A9B858FEAE}.Release|x86.ActiveCfg = Release|Win32
		{F4C964F6-5C0C-4C74-BD2B-C8A9B858FEAE}.Release|x86.Build.0 = Release|Win32
	EndGlobalSection
	GlobalSection(SolutionProperties) = preSolution
		HideSolutionNode = FALSE
	EndGlobalSection
	GlobalSection(ExtensibilityGlobals) = postSolution
		SolutionGuid = {43700D8F-51B3-4A29-8CB8-FBDD09EEFD37}
	EndGlobalSection
EndGlobal
